// !$*UTF8*$!
{
	archiveVersion = 1;
	classes = {
	};
	objectVersion = 46;
	objects = {

/* Begin PBXBuildFile section */
		815B37561B1CA9A2002E262F /* main.m in Sources */ = {isa = PBXBuildFile; fileRef = 815B37551B1CA9A2002E262F /* main.m */; };
		815B37591B1CA9A2002E262F /* AppDelegate.m in Sources */ = {isa = PBXBuildFile; fileRef = 815B37581B1CA9A2002E262F /* AppDelegate.m */; };
		815B375C1B1CA9A2002E262F /* ViewController.m in Sources */ = {isa = PBXBuildFile; fileRef = 815B375B1B1CA9A2002E262F /* ViewController.m */; };
		815B375F1B1CA9A2002E262F /* Main.storyboard in Resources */ = {isa = PBXBuildFile; fileRef = 815B375D1B1CA9A2002E262F /* Main.storyboard */; };
		815B37611B1CA9A2002E262F /* Images.xcassets in Resources */ = {isa = PBXBuildFile; fileRef = 815B37601B1CA9A2002E262F /* Images.xcassets */; };
		815B37641B1CA9A2002E262F /* LaunchScreen.xib in Resources */ = {isa = PBXBuildFile; fileRef = 815B37621B1CA9A2002E262F /* LaunchScreen.xib */; };
		815B37701B1CA9A2002E262F /* TravelNoteTests.m in Sources */ = {isa = PBXBuildFile; fileRef = 815B376F1B1CA9A2002E262F /* TravelNoteTests.m */; };
		818B87A41B2737300058FF50 /* PXCustomTabbarViewController.m in Sources */ = {isa = PBXBuildFile; fileRef = 818B87A31B2737300058FF50 /* PXCustomTabbarViewController.m */; };
		818B87A71B27387B0058FF50 /* PXCustomTabbar.m in Sources */ = {isa = PBXBuildFile; fileRef = 818B87A61B27387B0058FF50 /* PXCustomTabbar.m */; };
		818B87AD1B273A390058FF50 /* UIView+BGTouchView.m in Sources */ = {isa = PBXBuildFile; fileRef = 818B87AC1B273A390058FF50 /* UIView+BGTouchView.m */; };
		818B87B11B273FE10058FF50 /* PXChooseTemplateViewController.m in Sources */ = {isa = PBXBuildFile; fileRef = 818B87B01B273FE10058FF50 /* PXChooseTemplateViewController.m */; };
		BB9EEA6F1B2760C600CF7BAE /* PCHomeViewController.m in Sources */ = {isa = PBXBuildFile; fileRef = BB9EEA6E1B2760C600CF7BAE /* PCHomeViewController.m */; };
		BB9EEA721B2762B500CF7BAE /* PCCustomSegmentView.m in Sources */ = {isa = PBXBuildFile; fileRef = BB9EEA711B2762B500CF7BAE /* PCCustomSegmentView.m */; };
/* End PBXBuildFile section */

/* Begin PBXContainerItemProxy section */
		815B376A1B1CA9A2002E262F /* PBXContainerItemProxy */ = {
			isa = PBXContainerItemProxy;
			containerPortal = 815B37481B1CA9A2002E262F /* Project object */;
			proxyType = 1;
			remoteGlobalIDString = 815B374F1B1CA9A2002E262F;
			remoteInfo = TravelNote;
		};
/* End PBXContainerItemProxy section */

/* Begin PBXFileReference section */
		815B37501B1CA9A2002E262F /* TravelNote.app */ = {isa = PBXFileReference; explicitFileType = wrapper.application; includeInIndex = 0; path = TravelNote.app; sourceTree = BUILT_PRODUCTS_DIR; };
		815B37541B1CA9A2002E262F /* Info.plist */ = {isa = PBXFileReference; lastKnownFileType = text.plist.xml; path = Info.plist; sourceTree = "<group>"; };
		815B37551B1CA9A2002E262F /* main.m */ = {isa = PBXFileReference; lastKnownFileType = sourcecode.c.objc; path = main.m; sourceTree = "<group>"; };
		815B37571B1CA9A2002E262F /* AppDelegate.h */ = {isa = PBXFileReference; lastKnownFileType = sourcecode.c.h; path = AppDelegate.h; sourceTree = "<group>"; };
		815B37581B1CA9A2002E262F /* AppDelegate.m */ = {isa = PBXFileReference; lastKnownFileType = sourcecode.c.objc; path = AppDelegate.m; sourceTree = "<group>"; };
		815B375A1B1CA9A2002E262F /* ViewController.h */ = {isa = PBXFileReference; lastKnownFileType = sourcecode.c.h; path = ViewController.h; sourceTree = "<group>"; };
		815B375B1B1CA9A2002E262F /* ViewController.m */ = {isa = PBXFileReference; lastKnownFileType = sourcecode.c.objc; path = ViewController.m; sourceTree = "<group>"; };
		815B375E1B1CA9A2002E262F /* Base */ = {isa = PBXFileReference; lastKnownFileType = file.storyboard; name = Base; path = Base.lproj/Main.storyboard; sourceTree = "<group>"; };
		815B37601B1CA9A2002E262F /* Images.xcassets */ = {isa = PBXFileReference; lastKnownFileType = folder.assetcatalog; path = Images.xcassets; sourceTree = "<group>"; };
		815B37631B1CA9A2002E262F /* Base */ = {isa = PBXFileReference; lastKnownFileType = file.xib; name = Base; path = Base.lproj/LaunchScreen.xib; sourceTree = "<group>"; };
		815B37691B1CA9A2002E262F /* TravelNoteTests.xctest */ = {isa = PBXFileReference; explicitFileType = wrapper.cfbundle; includeInIndex = 0; path = TravelNoteTests.xctest; sourceTree = BUILT_PRODUCTS_DIR; };
		815B376E1B1CA9A2002E262F /* Info.plist */ = {isa = PBXFileReference; lastKnownFileType = text.plist.xml; path = Info.plist; sourceTree = "<group>"; };
		815B376F1B1CA9A2002E262F /* TravelNoteTests.m */ = {isa = PBXFileReference; lastKnownFileType = sourcecode.c.objc; path = TravelNoteTests.m; sourceTree = "<group>"; };
		818B87A21B2737300058FF50 /* PXCustomTabbarViewController.h */ = {isa = PBXFileReference; fileEncoding = 4; lastKnownFileType = sourcecode.c.h; name = PXCustomTabbarViewController.h; path = Tab/PXCustomTabbarViewController.h; sourceTree = "<group>"; };
		818B87A31B2737300058FF50 /* PXCustomTabbarViewController.m */ = {isa = PBXFileReference; fileEncoding = 4; lastKnownFileType = sourcecode.c.objc; name = PXCustomTabbarViewController.m; path = Tab/PXCustomTabbarViewController.m; sourceTree = "<group>"; };
		818B87A51B27387B0058FF50 /* PXCustomTabbar.h */ = {isa = PBXFileReference; fileEncoding = 4; lastKnownFileType = sourcecode.c.h; name = PXCustomTabbar.h; path = Tab/PXCustomTabbar.h; sourceTree = "<group>"; };
		818B87A61B27387B0058FF50 /* PXCustomTabbar.m */ = {isa = PBXFileReference; fileEncoding = 4; lastKnownFileType = sourcecode.c.objc; name = PXCustomTabbar.m; path = Tab/PXCustomTabbar.m; sourceTree = "<group>"; };
		818B87AB1B273A390058FF50 /* UIView+BGTouchView.h */ = {isa = PBXFileReference; fileEncoding = 4; lastKnownFileType = sourcecode.c.h; name = "UIView+BGTouchView.h"; path = "Tab/UIView+BGTouchView.h"; sourceTree = "<group>"; };
		818B87AC1B273A390058FF50 /* UIView+BGTouchView.m */ = {isa = PBXFileReference; fileEncoding = 4; lastKnownFileType = sourcecode.c.objc; name = "UIView+BGTouchView.m"; path = "Tab/UIView+BGTouchView.m"; sourceTree = "<group>"; };
		818B87AF1B273FE10058FF50 /* PXChooseTemplateViewController.h */ = {isa = PBXFileReference; fileEncoding = 4; lastKnownFileType = sourcecode.c.h; name = PXChooseTemplateViewController.h; path = Edit/PXChooseTemplateViewController.h; sourceTree = "<group>"; };
		818B87B01B273FE10058FF50 /* PXChooseTemplateViewController.m */ = {isa = PBXFileReference; fileEncoding = 4; lastKnownFileType = sourcecode.c.objc; name = PXChooseTemplateViewController.m; path = Edit/PXChooseTemplateViewController.m; sourceTree = "<group>"; };
		BB9EEA6A1B275CF300CF7BAE /* UIConstants.h */ = {isa = PBXFileReference; fileEncoding = 4; lastKnownFileType = sourcecode.c.h; path = UIConstants.h; sourceTree = "<group>"; };
		BB9EEA6D1B2760C600CF7BAE /* PCHomeViewController.h */ = {isa = PBXFileReference; fileEncoding = 4; lastKnownFileType = sourcecode.c.h; path = PCHomeViewController.h; sourceTree = "<group>"; };
		BB9EEA6E1B2760C600CF7BAE /* PCHomeViewController.m */ = {isa = PBXFileReference; fileEncoding = 4; lastKnownFileType = sourcecode.c.objc; path = PCHomeViewController.m; sourceTree = "<group>"; };
		BB9EEA701B2762B500CF7BAE /* PCCustomSegmentView.h */ = {isa = PBXFileReference; fileEncoding = 4; lastKnownFileType = sourcecode.c.h; path = PCCustomSegmentView.h; sourceTree = "<group>"; };
		BB9EEA711B2762B500CF7BAE /* PCCustomSegmentView.m */ = {isa = PBXFileReference; fileEncoding = 4; lastKnownFileType = sourcecode.c.objc; path = PCCustomSegmentView.m; sourceTree = "<group>"; };
/* End PBXFileReference section */

/* Begin PBXFrameworksBuildPhase section */
		815B374D1B1CA9A2002E262F /* Frameworks */ = {
			isa = PBXFrameworksBuildPhase;
			buildActionMask = 2147483647;
			files = (
			);
			runOnlyForDeploymentPostprocessing = 0;
		};
		815B37661B1CA9A2002E262F /* Frameworks */ = {
			isa = PBXFrameworksBuildPhase;
			buildActionMask = 2147483647;
			files = (
			);
			runOnlyForDeploymentPostprocessing = 0;
		};
/* End PBXFrameworksBuildPhase section */

/* Begin PBXGroup section */
		815B37471B1CA9A2002E262F = {
			isa = PBXGroup;
			children = (
				815B37521B1CA9A2002E262F /* TravelNote */,
				815B376C1B1CA9A2002E262F /* TravelNoteTests */,
				815B37511B1CA9A2002E262F /* Products */,
			);
			sourceTree = "<group>";
		};
		815B37511B1CA9A2002E262F /* Products */ = {
			isa = PBXGroup;
			children = (
				815B37501B1CA9A2002E262F /* TravelNote.app */,
				815B37691B1CA9A2002E262F /* TravelNoteTests.xctest */,
			);
			name = Products;
			sourceTree = "<group>";
		};
		815B37521B1CA9A2002E262F /* TravelNote */ = {
			isa = PBXGroup;
			children = (
				BB9EEA681B275C9A00CF7BAE /* Macro */,
				818B87AE1B273FA90058FF50 /* Edit */,
				818B87A11B2737120058FF50 /* Tab */,
				BB9EEA6B1B27604300CF7BAE /* Controllers */,
				815B37571B1CA9A2002E262F /* AppDelegate.h */,
				815B37581B1CA9A2002E262F /* AppDelegate.m */,
				815B375A1B1CA9A2002E262F /* ViewController.h */,
				815B375B1B1CA9A2002E262F /* ViewController.m */,
				815B375D1B1CA9A2002E262F /* Main.storyboard */,
				815B37601B1CA9A2002E262F /* Images.xcassets */,
				815B37621B1CA9A2002E262F /* LaunchScreen.xib */,
				815B37531B1CA9A2002E262F /* Supporting Files */,
			);
			path = TravelNote;
			sourceTree = "<group>";
		};
		815B37531B1CA9A2002E262F /* Supporting Files */ = {
			isa = PBXGroup;
			children = (
				815B37541B1CA9A2002E262F /* Info.plist */,
				815B37551B1CA9A2002E262F /* main.m */,
			);
			name = "Supporting Files";
			sourceTree = "<group>";
		};
		815B376C1B1CA9A2002E262F /* TravelNoteTests */ = {
			isa = PBXGroup;
			children = (
				815B376F1B1CA9A2002E262F /* TravelNoteTests.m */,
				815B376D1B1CA9A2002E262F /* Supporting Files */,
			);
			path = TravelNoteTests;
			sourceTree = "<group>";
		};
		815B376D1B1CA9A2002E262F /* Supporting Files */ = {
			isa = PBXGroup;
			children = (
				815B376E1B1CA9A2002E262F /* Info.plist */,
			);
			name = "Supporting Files";
			sourceTree = "<group>";
		};
		818B87A11B2737120058FF50 /* Tab */ = {
			isa = PBXGroup;
			children = (
				818B87AB1B273A390058FF50 /* UIView+BGTouchView.h */,
				818B87AC1B273A390058FF50 /* UIView+BGTouchView.m */,
				818B87A21B2737300058FF50 /* PXCustomTabbarViewController.h */,
				818B87A31B2737300058FF50 /* PXCustomTabbarViewController.m */,
				818B87A51B27387B0058FF50 /* PXCustomTabbar.h */,
				818B87A61B27387B0058FF50 /* PXCustomTabbar.m */,
			);
			name = Tab;
			sourceTree = "<group>";
		};
		818B87AE1B273FA90058FF50 /* Edit */ = {
			isa = PBXGroup;
			children = (
				818B87AF1B273FE10058FF50 /* PXChooseTemplateViewController.h */,
				818B87B01B273FE10058FF50 /* PXChooseTemplateViewController.m */,
			);
			name = Edit;
			sourceTree = "<group>";
		};
		BB9EEA681B275C9A00CF7BAE /* Macro */ = {
			isa = PBXGroup;
			children = (
				BB9EEA6A1B275CF300CF7BAE /* UIConstants.h */,
			);
			path = Macro;
			sourceTree = "<group>";
		};
		BB9EEA6B1B27604300CF7BAE /* Controllers */ = {
			isa = PBXGroup;
			children = (
				BB9EEA6C1B27609600CF7BAE /* Home */,
			);
			path = Controllers;
			sourceTree = "<group>";
		};
		BB9EEA6C1B27609600CF7BAE /* Home */ = {
			isa = PBXGroup;
			children = (
				BB9EEA6D1B2760C600CF7BAE /* PCHomeViewController.h */,
				BB9EEA6E1B2760C600CF7BAE /* PCHomeViewController.m */,
				BB9EEA701B2762B500CF7BAE /* PCCustomSegmentView.h */,
				BB9EEA711B2762B500CF7BAE /* PCCustomSegmentView.m */,
			);
			name = Home;
			sourceTree = "<group>";
		};
/* End PBXGroup section */

/* Begin PBXNativeTarget section */
		815B374F1B1CA9A2002E262F /* TravelNote */ = {
			isa = PBXNativeTarget;
			buildConfigurationList = 815B37731B1CA9A2002E262F /* Build configuration list for PBXNativeTarget "TravelNote" */;
			buildPhases = (
				815B374C1B1CA9A2002E262F /* Sources */,
				815B374D1B1CA9A2002E262F /* Frameworks */,
				815B374E1B1CA9A2002E262F /* Resources */,
			);
			buildRules = (
			);
			dependencies = (
			);
			name = TravelNote;
			productName = TravelNote;
			productReference = 815B37501B1CA9A2002E262F /* TravelNote.app */;
			productType = "com.apple.product-type.application";
		};
		815B37681B1CA9A2002E262F /* TravelNoteTests */ = {
			isa = PBXNativeTarget;
			buildConfigurationList = 815B37761B1CA9A2002E262F /* Build configuration list for PBXNativeTarget "TravelNoteTests" */;
			buildPhases = (
				815B37651B1CA9A2002E262F /* Sources */,
				815B37661B1CA9A2002E262F /* Frameworks */,
				815B37671B1CA9A2002E262F /* Resources */,
			);
			buildRules = (
			);
			dependencies = (
				815B376B1B1CA9A2002E262F /* PBXTargetDependency */,
			);
			name = TravelNoteTests;
			productName = TravelNoteTests;
			productReference = 815B37691B1CA9A2002E262F /* TravelNoteTests.xctest */;
			productType = "com.apple.product-type.bundle.unit-test";
		};
/* End PBXNativeTarget section */

/* Begin PBXProject section */
		815B37481B1CA9A2002E262F /* Project object */ = {
			isa = PBXProject;
			attributes = {
				LastUpgradeCheck = 0630;
				ORGANIZATIONNAME = "朱泌丞";
				TargetAttributes = {
					815B374F1B1CA9A2002E262F = {
						CreatedOnToolsVersion = 6.3.2;
					};
					815B37681B1CA9A2002E262F = {
						CreatedOnToolsVersion = 6.3.2;
						TestTargetID = 815B374F1B1CA9A2002E262F;
					};
				};
			};
			buildConfigurationList = 815B374B1B1CA9A2002E262F /* Build configuration list for PBXProject "TravelNote" */;
			compatibilityVersion = "Xcode 3.2";
			developmentRegion = English;
			hasScannedForEncodings = 0;
			knownRegions = (
				en,
				Base,
			);
			mainGroup = 815B37471B1CA9A2002E262F;
			productRefGroup = 815B37511B1CA9A2002E262F /* Products */;
			projectDirPath = "";
			projectRoot = "";
			targets = (
				815B374F1B1CA9A2002E262F /* TravelNote */,
				815B37681B1CA9A2002E262F /* TravelNoteTests */,
			);
		};
/* End PBXProject section */

/* Begin PBXResourcesBuildPhase section */
		815B374E1B1CA9A2002E262F /* Resources */ = {
			isa = PBXResourcesBuildPhase;
			buildActionMask = 2147483647;
			files = (
				815B375F1B1CA9A2002E262F /* Main.storyboard in Resources */,
				815B37641B1CA9A2002E262F /* LaunchScreen.xib in Resources */,
				815B37611B1CA9A2002E262F /* Images.xcassets in Resources */,
			);
			runOnlyForDeploymentPostprocessing = 0;
		};
		815B37671B1CA9A2002E262F /* Resources */ = {
			isa = PBXResourcesBuildPhase;
			buildActionMask = 2147483647;
			files = (
			);
			runOnlyForDeploymentPostprocessing = 0;
		};
/* End PBXResourcesBuildPhase section */

/* Begin PBXSourcesBuildPhase section */
		815B374C1B1CA9A2002E262F /* Sources */ = {
			isa = PBXSourcesBuildPhase;
			buildActionMask = 2147483647;
			files = (
				818B87A71B27387B0058FF50 /* PXCustomTabbar.m in Sources */,
				BB9EEA721B2762B500CF7BAE /* PCCustomSegmentView.m in Sources */,
				815B375C1B1CA9A2002E262F /* ViewController.m in Sources */,
				818B87AD1B273A390058FF50 /* UIView+BGTouchView.m in Sources */,
				815B37591B1CA9A2002E262F /* AppDelegate.m in Sources */,
				BB9EEA6F1B2760C600CF7BAE /* PCHomeViewController.m in Sources */,
				815B37561B1CA9A2002E262F /* main.m in Sources */,
				818B87A41B2737300058FF50 /* PXCustomTabbarViewController.m in Sources */,
				818B87B11B273FE10058FF50 /* PXChooseTemplateViewController.m in Sources */,
			);
			runOnlyForDeploymentPostprocessing = 0;
		};
		815B37651B1CA9A2002E262F /* Sources */ = {
			isa = PBXSourcesBuildPhase;
			buildActionMask = 2147483647;
			files = (
				815B37701B1CA9A2002E262F /* TravelNoteTests.m in Sources */,
			);
			runOnlyForDeploymentPostprocessing = 0;
		};
/* End PBXSourcesBuildPhase section */

/* Begin PBXTargetDependency section */
		815B376B1B1CA9A2002E262F /* PBXTargetDependency */ = {
			isa = PBXTargetDependency;
			target = 815B374F1B1CA9A2002E262F /* TravelNote */;
			targetProxy = 815B376A1B1CA9A2002E262F /* PBXContainerItemProxy */;
		};
/* End PBXTargetDependency section */

/* Begin PBXVariantGroup section */
		815B375D1B1CA9A2002E262F /* Main.storyboard */ = {
			isa = PBXVariantGroup;
			children = (
				815B375E1B1CA9A2002E262F /* Base */,
			);
			name = Main.storyboard;
			sourceTree = "<group>";
		};
		815B37621B1CA9A2002E262F /* LaunchScreen.xib */ = {
			isa = PBXVariantGroup;
			children = (
				815B37631B1CA9A2002E262F /* Base */,
			);
			name = LaunchScreen.xib;
			sourceTree = "<group>";
		};
/* End PBXVariantGroup section */

/* Begin XCBuildConfiguration section */
		815B37711B1CA9A2002E262F /* Debug */ = {
			isa = XCBuildConfiguration;
			buildSettings = {
				ALWAYS_SEARCH_USER_PATHS = NO;
				CLANG_CXX_LANGUAGE_STANDARD = "gnu++0x";
				CLANG_CXX_LIBRARY = "libc++";
				CLANG_ENABLE_MODULES = YES;
				CLANG_ENABLE_OBJC_ARC = YES;
				CLANG_WARN_BOOL_CONVERSION = YES;
				CLANG_WARN_CONSTANT_CONVERSION = YES;
				CLANG_WARN_DIRECT_OBJC_ISA_USAGE = YES_ERROR;
				CLANG_WARN_EMPTY_BODY = YES;
				CLANG_WARN_ENUM_CONVERSION = YES;
				CLANG_WARN_INT_CONVERSION = YES;
				CLANG_WARN_OBJC_ROOT_CLASS = YES_ERROR;
				CLANG_WARN_UNREACHABLE_CODE = YES;
				CLANG_WARN__DUPLICATE_METHOD_MATCH = YES;
				"CODE_SIGN_IDENTITY[sdk=iphoneos*]" = "iPhone Developer";
				COPY_PHASE_STRIP = NO;
				DEBUG_INFORMATION_FORMAT = "dwarf-with-dsym";
				ENABLE_STRICT_OBJC_MSGSEND = YES;
				GCC_C_LANGUAGE_STANDARD = gnu99;
				GCC_DYNAMIC_NO_PIC = NO;
				GCC_NO_COMMON_BLOCKS = YES;
				GCC_OPTIMIZATION_LEVEL = 0;
				GCC_PREPROCESSOR_DEFINITIONS = (
					"DEBUG=1",
					"$(inherited)",
				);
				GCC_SYMBOLS_PRIVATE_EXTERN = NO;
				GCC_WARN_64_TO_32_BIT_CONVERSION = YES;
				GCC_WARN_ABOUT_RETURN_TYPE = YES_ERROR;
				GCC_WARN_UNDECLARED_SELECTOR = YES;
				GCC_WARN_UNINITIALIZED_AUTOS = YES_AGGRESSIVE;
				GCC_WARN_UNUSED_FUNCTION = YES;
				GCC_WARN_UNUSED_VARIABLE = YES;
				IPHONEOS_DEPLOYMENT_TARGET = 8.3;
				MTL_ENABLE_DEBUG_INFO = YES;
				ONLY_ACTIVE_ARCH = YES;
				SDKROOT = iphoneos;
			};
			name = Debug;
		};
		815B37721B1CA9A2002E262F /* Release */ = {
			isa = XCBuildConfiguration;
			buildSettings = {
				ALWAYS_SEARCH_USER_PATHS = NO;
				CLANG_CXX_LANGUAGE_STANDARD = "gnu++0x";
				CLANG_CXX_LIBRARY = "libc++";
				CLANG_ENABLE_MODULES = YES;
				CLANG_ENABLE_OBJC_ARC = YES;
				CLANG_WARN_BOOL_CONVERSION = YES;
				CLANG_WARN_CONSTANT_CONVERSION = YES;
				CLANG_WARN_DIRECT_OBJC_ISA_USAGE = YES_ERROR;
				CLANG_WARN_EMPTY_BODY = YES;
				CLANG_WARN_ENUM_CONVERSION = YES;
				CLANG_WARN_INT_CONVERSION = YES;
				CLANG_WARN_OBJC_ROOT_CLASS = YES_ERROR;
				CLANG_WARN_UNREACHABLE_CODE = YES;
				CLANG_WARN__DUPLICATE_METHOD_MATCH = YES;
				"CODE_SIGN_IDENTITY[sdk=iphoneos*]" = "iPhone Developer";
				COPY_PHASE_STRIP = NO;
				DEBUG_INFORMATION_FORMAT = "dwarf-with-dsym";
				ENABLE_NS_ASSERTIONS = NO;
				ENABLE_STRICT_OBJC_MSGSEND = YES;
				GCC_C_LANGUAGE_STANDARD = gnu99;
				GCC_NO_COMMON_BLOCKS = YES;
				GCC_WARN_64_TO_32_BIT_CONVERSION = YES;
				GCC_WARN_ABOUT_RETURN_TYPE = YES_ERROR;
				GCC_WARN_UNDECLARED_SELECTOR = YES;
				GCC_WARN_UNINITIALIZED_AUTOS = YES_AGGRESSIVE;
				GCC_WARN_UNUSED_FUNCTION = YES;
				GCC_WARN_UNUSED_VARIABLE = YES;
				IPHONEOS_DEPLOYMENT_TARGET = 8.3;
				MTL_ENABLE_DEBUG_INFO = NO;
				SDKROOT = iphoneos;
				VALIDATE_PRODUCT = YES;
			};
			name = Release;
		};
		815B37741B1CA9A2002E262F /* Debug */ = {
			isa = XCBuildConfiguration;
			buildSettings = {
				ASSETCATALOG_COMPILER_APPICON_NAME = AppIcon;
				INFOPLIST_FILE = TravelNote/Info.plist;
				LD_RUNPATH_SEARCH_PATHS = "$(inherited) @executable_path/Frameworks";
				PRODUCT_NAME = "$(TARGET_NAME)";
			};
			name = Debug;
		};
		815B37751B1CA9A2002E262F /* Release */ = {
			isa = XCBuildConfiguration;
			buildSettings = {
				ASSETCATALOG_COMPILER_APPICON_NAME = AppIcon;
				INFOPLIST_FILE = TravelNote/Info.plist;
				LD_RUNPATH_SEARCH_PATHS = "$(inherited) @executable_path/Frameworks";
				PRODUCT_NAME = "$(TARGET_NAME)";
			};
			name = Release;
		};
		815B37771B1CA9A2002E262F /* Debug */ = {
			isa = XCBuildConfiguration;
			buildSettings = {
				BUNDLE_LOADER = "$(TEST_HOST)";
				FRAMEWORK_SEARCH_PATHS = (
					"$(SDKROOT)/Developer/Library/Frameworks",
					"$(inherited)",
				);
				GCC_PREPROCESSOR_DEFINITIONS = (
					"DEBUG=1",
					"$(inherited)",
				);
				INFOPLIST_FILE = TravelNoteTests/Info.plist;
				LD_RUNPATH_SEARCH_PATHS = "$(inherited) @executable_path/Frameworks @loader_path/Frameworks";
				PRODUCT_NAME = "$(TARGET_NAME)";
				TEST_HOST = "$(BUILT_PRODUCTS_DIR)/TravelNote.app/TravelNote";
			};
			name = Debug;
		};
		815B37781B1CA9A2002E262F /* Release */ = {
			isa = XCBuildConfiguration;
			buildSettings = {
				BUNDLE_LOADER = "$(TEST_HOST)";
				FRAMEWORK_SEARCH_PATHS = (
					"$(SDKROOT)/Developer/Library/Frameworks",
					"$(inherited)",
				);
				INFOPLIST_FILE = TravelNoteTests/Info.plist;
				LD_RUNPATH_SEARCH_PATHS = "$(inherited) @executable_path/Frameworks @loader_path/Frameworks";
				PRODUCT_NAME = "$(TARGET_NAME)";
				TEST_HOST = "$(BUILT_PRODUCTS_DIR)/TravelNote.app/TravelNote";
			};
			name = Release;
		};
/* End XCBuildConfiguration section */

/* Begin XCConfigurationList section */
		815B374B1B1CA9A2002E262F /* Build configuration list for PBXProject "TravelNote" */ = {
			isa = XCConfigurationList;
			buildConfigurations = (
				815B37711B1CA9A2002E262F /* Debug */,
				815B37721B1CA9A2002E262F /* Release */,
			);
			defaultConfigurationIsVisible = 0;
			defaultConfigurationName = Release;
		};
		815B37731B1CA9A2002E262F /* Build configuration list for PBXNativeTarget "TravelNote" */ = {
			isa = XCConfigurationList;
			buildConfigurations = (
				815B37741B1CA9A2002E262F /* Debug */,
				815B37751B1CA9A2002E262F /* Release */,
			);
			defaultConfigurationIsVisible = 0;
			defaultConfigurationName = Release;
		};
		815B37761B1CA9A2002E262F /* Build configuration list for PBXNativeTarget "TravelNoteTests" */ = {
			isa = XCConfigurationList;
			buildConfigurations = (
				815B37771B1CA9A2002E262F /* Debug */,
				815B37781B1CA9A2002E262F /* Release */,
			);
			defaultConfigurationIsVisible = 0;
			defaultConfigurationName = Release;
		};
/* End XCConfigurationList section */
	};
	rootObject = 815B37481B1CA9A2002E262F /* Project object */;
}
